
Microsoft Visual Studio Solution File, Format Version 12.00
# Visual Studio Version 17
VisualStudioVersion = 17.10.34928.147
MinimumVisualStudioVersion = 10.0.40219.1
Project("{FAE04EC0-301F-11D3-BF4B-00C04F79EFBC}") = "PimPomBro", "PimPomBro.csproj", "{6E6DE5AD-2691-40B3-81E6-035DA6B3CC30}"
EndProject
Global
	GlobalSection(SolutionConfigurationPlatforms) = preSolution
		Debug|Any CPU = Debug|Any CPU
		Release|Any CPU = Release|Any CPU
	EndGlobalSection
	GlobalSection(ProjectConfigurationPlatforms) = postSolution
		{6E6DE5AD-2691-40B3-81E6-035DA6B3CC30}.Debug|Any CPU.ActiveCfg = Debug|Any CPU
		{6E6DE5AD-2691-40B3-81E6-035DA6B3CC30}.Debug|Any CPU.Build.0 = Debug|Any CPU
		{6E6DE5AD-2691-40B3-81E6-035DA6B3CC30}.Release|Any CPU.ActiveCfg = Release|Any CPU
		{6E6DE5AD-2691-40B3-81E6-035DA6B3CC30}.Release|Any CPU.Build.0 = Release|Any CPU
	EndGlobalSection
	GlobalSection(SolutionProperties) = preSolution
		HideSolutionNode = FALSE
	EndGlobalSection
	GlobalSection(ExtensibilityGlobals) = postSolution
		SolutionGuid = {448C8522-E71E-4ABB-9228-BCF3E8EB2073}
	EndGlobalSection
EndGlobal
